
Microsoft Visual Studio Solution File, Format Version 12.00
Project("{FAE04EC0-301F-11D3-BF4B-00C04F79EFBC}") = "Sorts", "Sorts\Sorts.csproj", "{1410F88D-3749-40A1-8ADC-1E94611BB228}"
EndProject
Project("{FAE04EC0-301F-11D3-BF4B-00C04F79EFBC}") = "Lists", "Lists\Lists.csproj", "{F0748822-D7AD-46B4-BB3F-F591E067C6EA}"
EndProject
Project("{FAE04EC0-301F-11D3-BF4B-00C04F79EFBC}") = "Graph", "Graph\Graph.csproj", "{25347DE7-0C47-4DE7-AC9C-7828ABE69283}"
EndProject
Global
	GlobalSection(SolutionConfigurationPlatforms) = preSolution
		Debug|Any CPU = Debug|Any CPU
		Release|Any CPU = Release|Any CPU
	EndGlobalSection
	GlobalSection(ProjectConfigurationPlatforms) = postSolution
		{1410F88D-3749-40A1-8ADC-1E94611BB228}.Debug|Any CPU.ActiveCfg = Debug|Any CPU
		{1410F88D-3749-40A1-8ADC-1E94611BB228}.Debug|Any CPU.Build.0 = Debug|Any CPU
		{1410F88D-3749-40A1-8ADC-1E94611BB228}.Release|Any CPU.ActiveCfg = Release|Any CPU
		{1410F88D-3749-40A1-8ADC-1E94611BB228}.Release|Any CPU.Build.0 = Release|Any CPU
		{F0748822-D7AD-46B4-BB3F-F591E067C6EA}.Debug|Any CPU.ActiveCfg = Debug|Any CPU
		{F0748822-D7AD-46B4-BB3F-F591E067C6EA}.Debug|Any CPU.Build.0 = Debug|Any CPU
		{F0748822-D7AD-46B4-BB3F-F591E067C6EA}.Release|Any CPU.ActiveCfg = Release|Any CPU
		{F0748822-D7AD-46B4-BB3F-F591E067C6EA}.Release|Any CPU.Build.0 = Release|Any CPU
		{25347DE7-0C47-4DE7-AC9C-7828ABE69283}.Debug|Any CPU.ActiveCfg = Debug|Any CPU
		{25347DE7-0C47-4DE7-AC9C-7828ABE69283}.Debug|Any CPU.Build.0 = Debug|Any CPU
		{25347DE7-0C47-4DE7-AC9C-7828ABE69283}.Release|Any CPU.ActiveCfg = Release|Any CPU
		{25347DE7-0C47-4DE7-AC9C-7828ABE69283}.Release|Any CPU.Build.0 = Release|Any CPU
	EndGlobalSection
EndGlobal
